
Microsoft Visual Studio Solution File, Format Version 12.00
# Visual Studio Version 17
VisualStudioVersion = 17.14.36623.8
MinimumVisualStudioVersion = 10.0.40219.1
Project("{FAE04EC0-301F-11D3-BF4B-00C04F79EFBC}") = "edts", "edts\edts.csproj", "{078FD3DA-D383-4341-9E2C-0EA63974B40A}"
EndProject
Project("{54435603-DBB4-11D2-8724-00A0C9A8B90C}") = "Edts_Setup", "Edts_Setup\Edts_Setup.vdproj", "{33BD6A56-5254-6EA5-F47E-A88E0CB193DF}"
EndProject
Global
	GlobalSection(SolutionConfigurationPlatforms) = preSolution
		Debug|Any CPU = Debug|Any CPU
		Release|Any CPU = Release|Any CPU
	EndGlobalSection
	GlobalSection(ProjectConfigurationPlatforms) = postSolution
		{078FD3DA-D383-4341-9E2C-0EA63974B40A}.Debug|Any CPU.ActiveCfg = Debug|Any CPU
		{078FD3DA-D383-4341-9E2C-0EA63974B40A}.Debug|Any CPU.Build.0 = Debug|Any CPU
		{078FD3DA-D383-4341-9E2C-0EA63974B40A}.Release|Any CPU.ActiveCfg = Release|Any CPU
		{078FD3DA-D383-4341-9E2C-0EA63974B40A}.Release|Any CPU.Build.0 = Release|Any CPU
		{33BD6A56-5254-6EA5-F47E-A88E0CB193DF}.Debug|Any CPU.ActiveCfg = Debug
		{33BD6A56-5254-6EA5-F47E-A88E0CB193DF}.Release|Any CPU.ActiveCfg = Release
	EndGlobalSection
	GlobalSection(SolutionProperties) = preSolution
		HideSolutionNode = FALSE
	EndGlobalSection
	GlobalSection(ExtensibilityGlobals) = postSolution
		SolutionGuid = {B4988C0B-FADE-4663-A3F1-AFDA68006DEA}
	EndGlobalSection
EndGlobal
